
Microsoft Visual Studio Solution File, Format Version 12.00
# Visual Studio Version 17
VisualStudioVersion = 17.4.33213.308
MinimumVisualStudioVersion = 10.0.40219.1
Project("{2150E333-8FDC-42A3-9474-1A3956D46DE8}") = "1. Enterprise Business Rules", "1. Enterprise Business Rules", "{7C8E64D7-97CC-41F7-B35A-C3AB1ED62625}"
EndProject
Project("{2150E333-8FDC-42A3-9474-1A3956D46DE8}") = "2. Application Business Rules", "2. Application Business Rules", "{1D5F5C1B-03A2-4340-BE6E-41B726282D47}"
EndProject
Project("{2150E333-8FDC-42A3-9474-1A3956D46DE8}") = "3. Interface Adapters", "3. Interface Adapters", "{D64536C9-EC45-4851-A39E-70BE5D28CBE3}"
EndProject
Project("{2150E333-8FDC-42A3-9474-1A3956D46DE8}") = "4. Frameworks And Drivers", "4. Frameworks And Drivers", "{0A96C06B-77EC-4239-AEE3-8211E8F16C5D}"
EndProject
Project("{9A19103F-16F7-4668-BE54-9A1E7A4F7556}") = "NorthWind.Entities", "NorthWind.Entities\NorthWind.Entities.csproj", "{5FF64F98-F9C9-4B03-A143-DCA1686C9B40}"
EndProject
Project("{9A19103F-16F7-4668-BE54-9A1E7A4F7556}") = "NorthWind.Sales.BusinessObjects", "NorthWind.Sales.BusinessObjects\NorthWind.Sales.BusinessObjects.csproj", "{CAA9CDD0-7D99-49B2-9D2E-F0B960034A77}"
EndProject
Project("{9A19103F-16F7-4668-BE54-9A1E7A4F7556}") = "NorthWind.Sales.UseCases", "NorthWind.Sales.UseCases\NorthWind.Sales.UseCases.csproj", "{7CA14F8C-8754-4634-A33C-9637B71EF96D}"
EndProject
Project("{2150E333-8FDC-42A3-9474-1A3956D46DE8}") = "Gateways", "Gateways", "{FA0E859E-759C-4DCE-828E-B9EFBA35FA1D}"
EndProject
Project("{2150E333-8FDC-42A3-9474-1A3956D46DE8}") = "Repositories", "Repositories", "{078F4C4F-6FDA-469F-A701-7CD9B50F278C}"
EndProject
Project("{9A19103F-16F7-4668-BE54-9A1E7A4F7556}") = "NorthWind.EFCore.Repositories", "NorthWind.EFCore.Repositories\NorthWind.EFCore.Repositories.csproj", "{1D0C4CAC-F543-4E5C-A8D8-D30EB9454567}"
EndProject
Project("{2150E333-8FDC-42A3-9474-1A3956D46DE8}") = "Presenters", "Presenters", "{021A3002-515D-41CD-AEB3-483CDF601518}"
EndProject
Project("{9A19103F-16F7-4668-BE54-9A1E7A4F7556}") = "NorthWind.Sales.Presenters", "NorthWind.Sales.Presenters\NorthWind.Sales.Presenters.csproj", "{69418F95-2F1D-4D01-90AB-4291C0DF2FA8}"
EndProject
Project("{2150E333-8FDC-42A3-9474-1A3956D46DE8}") = "Controllers", "Controllers", "{36DFE900-BB76-4B97-8F4D-618189756B18}"
EndProject
Project("{9A19103F-16F7-4668-BE54-9A1E7A4F7556}") = "NorthWind.Sales.Controllers", "NorthWind.Sales.Controllers\NorthWind.Sales.Controllers.csproj", "{D9EF940F-2247-49BE-8033-0BCEFD78F0E5}"
EndProject
Project("{9A19103F-16F7-4668-BE54-9A1E7A4F7556}") = "NorthWind.Sales.IoC", "NorthWind.Sales.IoC\NorthWind.Sales.IoC.csproj", "{11CAEA03-1037-4133-8FC2-780153B09FD0}"
EndProject
Project("{2150E333-8FDC-42A3-9474-1A3956D46DE8}") = "UIs", "UIs", "{46F1AC94-67CB-4B52-9878-3EC78EF4A47C}"
EndProject
Project("{9A19103F-16F7-4668-BE54-9A1E7A4F7556}") = "NorthWind.Sales.API", "NorthWind.Sales.API\NorthWind.Sales.API.csproj", "{7AD15C3C-6264-4DF9-BACB-5BF5622789E2}"
EndProject
Project("{9A19103F-16F7-4668-BE54-9A1E7A4F7556}") = "NorthWind.RabbitMQProducer.Services", "NorthWind.RabbitMQ.Service\NorthWind.RabbitMQProducer.Services.csproj", "{DD624E6E-A613-4617-BC18-475D019AB9E9}"
EndProject
Project("{9A19103F-16F7-4668-BE54-9A1E7A4F7556}") = "NorthWind.Consumer.API", "NorthWind.Consumer.API\NorthWind.Consumer.API.csproj", "{46D88EA9-547B-4ACB-B4A5-F4E368F1050D}"
EndProject
Project("{9A19103F-16F7-4668-BE54-9A1E7A4F7556}") = "NorthWind.Mongo.Repositories", "NorthWind.Mongo.Repositories\NorthWind.Mongo.Repositories.csproj", "{A0BF0B97-3B84-403A-B48A-74A287E6B370}"
EndProject
Project("{9A19103F-16F7-4668-BE54-9A1E7A4F7556}") = "NorthWindRabbitMQConsumer.Services", "NorthWindRabbitMQConsumer.Services\NorthWindRabbitMQConsumer.Services.csproj", "{82F95225-3338-4E0D-9674-2C690F638109}"
EndProject
Project("{2150E333-8FDC-42A3-9474-1A3956D46DE8}") = "Tests", "Tests", "{82028033-55B8-46AF-A30C-F81E4FC7C61A}"
EndProject
Project("{9A19103F-16F7-4668-BE54-9A1E7A4F7556}") = "NorthWind.IntegrationTest", "NorthWind.IntegrationTest\NorthWind.IntegrationTest.csproj", "{7E0BAB6B-AD7F-4AFF-A3C4-714A50DECC1F}"
EndProject
Project("{9A19103F-16F7-4668-BE54-9A1E7A4F7556}") = "NorthWInd.UnitTest", "NorthWInd.UnitTest\NorthWInd.UnitTest.csproj", "{5FE325CC-178E-463A-9A28-96DC96D0D3AF}"
EndProject
Project("{FAE04EC0-301F-11D3-BF4B-00C04F79EFBC}") = "NorthWind.E2ETest", "NorthWind.E2ETest\NorthWind.E2ETest.csproj", "{DCE5E0B7-5B33-4347-8673-7FC621811310}"
EndProject
Project("{FAE04EC0-301F-11D3-BF4B-00C04F79EFBC}") = "NorthWind.Shared", "NorthWind.Shared\NorthWind.Shared.csproj", "{99A199B5-2A53-440B-9CB7-5CD282708AAB}"
EndProject
Global
	GlobalSection(SolutionConfigurationPlatforms) = preSolution
		Debug|Any CPU = Debug|Any CPU
		Release|Any CPU = Release|Any CPU
	EndGlobalSection
	GlobalSection(ProjectConfigurationPlatforms) = postSolution
		{5FF64F98-F9C9-4B03-A143-DCA1686C9B40}.Debug|Any CPU.ActiveCfg = Debug|Any CPU
		{5FF64F98-F9C9-4B03-A143-DCA1686C9B40}.Debug|Any CPU.Build.0 = Debug|Any CPU
		{5FF64F98-F9C9-4B03-A143-DCA1686C9B40}.Release|Any CPU.ActiveCfg = Release|Any CPU
		{5FF64F98-F9C9-4B03-A143-DCA1686C9B40}.Release|Any CPU.Build.0 = Release|Any CPU
		{CAA9CDD0-7D99-49B2-9D2E-F0B960034A77}.Debug|Any CPU.ActiveCfg = Debug|Any CPU
		{CAA9CDD0-7D99-49B2-9D2E-F0B960034A77}.Debug|Any CPU.Build.0 = Debug|Any CPU
		{CAA9CDD0-7D99-49B2-9D2E-F0B960034A77}.Release|Any CPU.ActiveCfg = Release|Any CPU
		{CAA9CDD0-7D99-49B2-9D2E-F0B960034A77}.Release|Any CPU.Build.0 = Release|Any CPU
		{7CA14F8C-8754-4634-A33C-9637B71EF96D}.Debug|Any CPU.ActiveCfg = Debug|Any CPU
		{7CA14F8C-8754-4634-A33C-9637B71EF96D}.Debug|Any CPU.Build.0 = Debug|Any CPU
		{7CA14F8C-8754-4634-A33C-9637B71EF96D}.Release|Any CPU.ActiveCfg = Release|Any CPU
		{7CA14F8C-8754-4634-A33C-9637B71EF96D}.Release|Any CPU.Build.0 = Release|Any CPU
		{1D0C4CAC-F543-4E5C-A8D8-D30EB9454567}.Debug|Any CPU.ActiveCfg = Debug|Any CPU
		{1D0C4CAC-F543-4E5C-A8D8-D30EB9454567}.Debug|Any CPU.Build.0 = Debug|Any CPU
		{1D0C4CAC-F543-4E5C-A8D8-D30EB9454567}.Release|Any CPU.ActiveCfg = Release|Any CPU
		{1D0C4CAC-F543-4E5C-A8D8-D30EB9454567}.Release|Any CPU.Build.0 = Release|Any CPU
		{69418F95-2F1D-4D01-90AB-4291C0DF2FA8}.Debug|Any CPU.ActiveCfg = Debug|Any CPU
		{69418F95-2F1D-4D01-90AB-4291C0DF2FA8}.Debug|Any CPU.Build.0 = Debug|Any CPU
		{69418F95-2F1D-4D01-90AB-4291C0DF2FA8}.Release|Any CPU.ActiveCfg = Release|Any CPU
		{69418F95-2F1D-4D01-90AB-4291C0DF2FA8}.Release|Any CPU.Build.0 = Release|Any CPU
		{D9EF940F-2247-49BE-8033-0BCEFD78F0E5}.Debug|Any CPU.ActiveCfg = Debug|Any CPU
		{D9EF940F-2247-49BE-8033-0BCEFD78F0E5}.Debug|Any CPU.Build.0 = Debug|Any CPU
		{D9EF940F-2247-49BE-8033-0BCEFD78F0E5}.Release|Any CPU.ActiveCfg = Release|Any CPU
		{D9EF940F-2247-49BE-8033-0BCEFD78F0E5}.Release|Any CPU.Build.0 = Release|Any CPU
		{11CAEA03-1037-4133-8FC2-780153B09FD0}.Debug|Any CPU.ActiveCfg = Debug|Any CPU
		{11CAEA03-1037-4133-8FC2-780153B09FD0}.Debug|Any CPU.Build.0 = Debug|Any CPU
		{11CAEA03-1037-4133-8FC2-780153B09FD0}.Release|Any CPU.ActiveCfg = Release|Any CPU
		{11CAEA03-1037-4133-8FC2-780153B09FD0}.Release|Any CPU.Build.0 = Release|Any CPU
		{7AD15C3C-6264-4DF9-BACB-5BF5622789E2}.Debug|Any CPU.ActiveCfg = Debug|Any CPU
		{7AD15C3C-6264-4DF9-BACB-5BF5622789E2}.Debug|Any CPU.Build.0 = Debug|Any CPU
		{7AD15C3C-6264-4DF9-BACB-5BF5622789E2}.Release|Any CPU.ActiveCfg = Release|Any CPU
		{7AD15C3C-6264-4DF9-BACB-5BF5622789E2}.Release|Any CPU.Build.0 = Release|Any CPU
		{DD624E6E-A613-4617-BC18-475D019AB9E9}.Debug|Any CPU.ActiveCfg = Debug|Any CPU
		{DD624E6E-A613-4617-BC18-475D019AB9E9}.Debug|Any CPU.Build.0 = Debug|Any CPU
		{DD624E6E-A613-4617-BC18-475D019AB9E9}.Release|Any CPU.ActiveCfg = Release|Any CPU
		{DD624E6E-A613-4617-BC18-475D019AB9E9}.Release|Any CPU.Build.0 = Release|Any CPU
		{46D88EA9-547B-4ACB-B4A5-F4E368F1050D}.Debug|Any CPU.ActiveCfg = Debug|Any CPU
		{46D88EA9-547B-4ACB-B4A5-F4E368F1050D}.Debug|Any CPU.Build.0 = Debug|Any CPU
		{46D88EA9-547B-4ACB-B4A5-F4E368F1050D}.Release|Any CPU.ActiveCfg = Release|Any CPU
		{46D88EA9-547B-4ACB-B4A5-F4E368F1050D}.Release|Any CPU.Build.0 = Release|Any CPU
		{A0BF0B97-3B84-403A-B48A-74A287E6B370}.Debug|Any CPU.ActiveCfg = Debug|Any CPU
		{A0BF0B97-3B84-403A-B48A-74A287E6B370}.Debug|Any CPU.Build.0 = Debug|Any CPU
		{A0BF0B97-3B84-403A-B48A-74A287E6B370}.Release|Any CPU.ActiveCfg = Release|Any CPU
		{A0BF0B97-3B84-403A-B48A-74A287E6B370}.Release|Any CPU.Build.0 = Release|Any CPU
		{82F95225-3338-4E0D-9674-2C690F638109}.Debug|Any CPU.ActiveCfg = Debug|Any CPU
		{82F95225-3338-4E0D-9674-2C690F638109}.Debug|Any CPU.Build.0 = Debug|Any CPU
		{82F95225-3338-4E0D-9674-2C690F638109}.Release|Any CPU.ActiveCfg = Release|Any CPU
		{82F95225-3338-4E0D-9674-2C690F638109}.Release|Any CPU.Build.0 = Release|Any CPU
		{7E0BAB6B-AD7F-4AFF-A3C4-714A50DECC1F}.Debug|Any CPU.ActiveCfg = Debug|Any CPU
		{7E0BAB6B-AD7F-4AFF-A3C4-714A50DECC1F}.Debug|Any CPU.Build.0 = Debug|Any CPU
		{7E0BAB6B-AD7F-4AFF-A3C4-714A50DECC1F}.Release|Any CPU.ActiveCfg = Release|Any CPU
		{7E0BAB6B-AD7F-4AFF-A3C4-714A50DECC1F}.Release|Any CPU.Build.0 = Release|Any CPU
		{5FE325CC-178E-463A-9A28-96DC96D0D3AF}.Debug|Any CPU.ActiveCfg = Debug|Any CPU
		{5FE325CC-178E-463A-9A28-96DC96D0D3AF}.Debug|Any CPU.Build.0 = Debug|Any CPU
		{5FE325CC-178E-463A-9A28-96DC96D0D3AF}.Release|Any CPU.ActiveCfg = Release|Any CPU
		{5FE325CC-178E-463A-9A28-96DC96D0D3AF}.Release|Any CPU.Build.0 = Release|Any CPU
		{DCE5E0B7-5B33-4347-8673-7FC621811310}.Debug|Any CPU.ActiveCfg = Debug|Any CPU
		{DCE5E0B7-5B33-4347-8673-7FC621811310}.Debug|Any CPU.Build.0 = Debug|Any CPU
		{DCE5E0B7-5B33-4347-8673-7FC621811310}.Release|Any CPU.ActiveCfg = Release|Any CPU
		{DCE5E0B7-5B33-4347-8673-7FC621811310}.Release|Any CPU.Build.0 = Release|Any CPU
		{99A199B5-2A53-440B-9CB7-5CD282708AAB}.Debug|Any CPU.ActiveCfg = Debug|Any CPU
		{99A199B5-2A53-440B-9CB7-5CD282708AAB}.Debug|Any CPU.Build.0 = Debug|Any CPU
		{99A199B5-2A53-440B-9CB7-5CD282708AAB}.Release|Any CPU.ActiveCfg = Release|Any CPU
		{99A199B5-2A53-440B-9CB7-5CD282708AAB}.Release|Any CPU.Build.0 = Release|Any CPU
	EndGlobalSection
	GlobalSection(SolutionProperties) = preSolution
		HideSolutionNode = FALSE
	EndGlobalSection
	GlobalSection(NestedProjects) = preSolution
		{5FF64F98-F9C9-4B03-A143-DCA1686C9B40} = {7C8E64D7-97CC-41F7-B35A-C3AB1ED62625}
		{CAA9CDD0-7D99-49B2-9D2E-F0B960034A77} = {1D5F5C1B-03A2-4340-BE6E-41B726282D47}
		{7CA14F8C-8754-4634-A33C-9637B71EF96D} = {1D5F5C1B-03A2-4340-BE6E-41B726282D47}
		{FA0E859E-759C-4DCE-828E-B9EFBA35FA1D} = {D64536C9-EC45-4851-A39E-70BE5D28CBE3}
		{078F4C4F-6FDA-469F-A701-7CD9B50F278C} = {FA0E859E-759C-4DCE-828E-B9EFBA35FA1D}
		{1D0C4CAC-F543-4E5C-A8D8-D30EB9454567} = {078F4C4F-6FDA-469F-A701-7CD9B50F278C}
		{021A3002-515D-41CD-AEB3-483CDF601518} = {D64536C9-EC45-4851-A39E-70BE5D28CBE3}
		{69418F95-2F1D-4D01-90AB-4291C0DF2FA8} = {021A3002-515D-41CD-AEB3-483CDF601518}
		{36DFE900-BB76-4B97-8F4D-618189756B18} = {D64536C9-EC45-4851-A39E-70BE5D28CBE3}
		{D9EF940F-2247-49BE-8033-0BCEFD78F0E5} = {36DFE900-BB76-4B97-8F4D-618189756B18}
		{11CAEA03-1037-4133-8FC2-780153B09FD0} = {D64536C9-EC45-4851-A39E-70BE5D28CBE3}
		{46F1AC94-67CB-4B52-9878-3EC78EF4A47C} = {0A96C06B-77EC-4239-AEE3-8211E8F16C5D}
		{7AD15C3C-6264-4DF9-BACB-5BF5622789E2} = {46F1AC94-67CB-4B52-9878-3EC78EF4A47C}
		{DD624E6E-A613-4617-BC18-475D019AB9E9} = {078F4C4F-6FDA-469F-A701-7CD9B50F278C}
		{46D88EA9-547B-4ACB-B4A5-F4E368F1050D} = {46F1AC94-67CB-4B52-9878-3EC78EF4A47C}
		{A0BF0B97-3B84-403A-B48A-74A287E6B370} = {078F4C4F-6FDA-469F-A701-7CD9B50F278C}
		{82F95225-3338-4E0D-9674-2C690F638109} = {078F4C4F-6FDA-469F-A701-7CD9B50F278C}
		{7E0BAB6B-AD7F-4AFF-A3C4-714A50DECC1F} = {82028033-55B8-46AF-A30C-F81E4FC7C61A}
		{5FE325CC-178E-463A-9A28-96DC96D0D3AF} = {82028033-55B8-46AF-A30C-F81E4FC7C61A}
		{DCE5E0B7-5B33-4347-8673-7FC621811310} = {82028033-55B8-46AF-A30C-F81E4FC7C61A}
		{99A199B5-2A53-440B-9CB7-5CD282708AAB} = {82028033-55B8-46AF-A30C-F81E4FC7C61A}
	EndGlobalSection
	GlobalSection(ExtensibilityGlobals) = postSolution
		SolutionGuid = {90ACBE69-4268-4CFA-A92C-1299F44B1A8E}
	EndGlobalSection
EndGlobal
