
Microsoft Visual Studio Solution File, Format Version 12.00
# Visual Studio Version 17
VisualStudioVersion = 17.4.33213.308
MinimumVisualStudioVersion = 10.0.40219.1
Project("{2150E333-8FDC-42A3-9474-1A3956D46DE8}") = "1. Enterprise Business Rules", "1. Enterprise Business Rules", "{7C8E64D7-97CC-41F7-B35A-C3AB1ED62625}"
EndProject
Project("{2150E333-8FDC-42A3-9474-1A3956D46DE8}") = "2. Application Business Rules", "2. Application Business Rules", "{1D5F5C1B-03A2-4340-BE6E-41B726282D47}"
EndProject
Project("{2150E333-8FDC-42A3-9474-1A3956D46DE8}") = "3. Interface Adapters", "3. Interface Adapters", "{D64536C9-EC45-4851-A39E-70BE5D28CBE3}"
EndProject
Project("{2150E333-8FDC-42A3-9474-1A3956D46DE8}") = "4. Frameworks And Drivers", "4. Frameworks And Drivers", "{0A96C06B-77EC-4239-AEE3-8211E8F16C5D}"
EndProject
Project("{9A19103F-16F7-4668-BE54-9A1E7A4F7556}") = "NorthWind.Entities", "NorthWind.Entities\NorthWind.Entities.csproj", "{5FF64F98-F9C9-4B03-A143-DCA1686C9B40}"
EndProject
Project("{9A19103F-16F7-4668-BE54-9A1E7A4F7556}") = "NorthWind.Sales.BusinessObjects", "NorthWind.Sales.BusinessObjects\NorthWind.Sales.BusinessObjects.csproj", "{CAA9CDD0-7D99-49B2-9D2E-F0B960034A77}"
EndProject
Project("{9A19103F-16F7-4668-BE54-9A1E7A4F7556}") = "NorthWind.Sales.UseCases", "NorthWind.Sales.UseCases\NorthWind.Sales.UseCases.csproj", "{7CA14F8C-8754-4634-A33C-9637B71EF96D}"
EndProject
Project("{2150E333-8FDC-42A3-9474-1A3956D46DE8}") = "Gateways", "Gateways", "{FA0E859E-759C-4DCE-828E-B9EFBA35FA1D}"
EndProject
Project("{2150E333-8FDC-42A3-9474-1A3956D46DE8}") = "Repositories", "Repositories", "{078F4C4F-6FDA-469F-A701-7CD9B50F278C}"
EndProject
Project("{9A19103F-16F7-4668-BE54-9A1E7A4F7556}") = "NorthWind.EFCore.Repositories", "NorthWind.EFCore.Repositories\NorthWind.EFCore.Repositories.csproj", "{1D0C4CAC-F543-4E5C-A8D8-D30EB9454567}"
EndProject
Project("{2150E333-8FDC-42A3-9474-1A3956D46DE8}") = "Presenters", "Presenters", "{021A3002-515D-41CD-AEB3-483CDF601518}"
EndProject
Project("{9A19103F-16F7-4668-BE54-9A1E7A4F7556}") = "NorthWind.Sales.Presenters", "NorthWind.Sales.Presenters\NorthWind.Sales.Presenters.csproj", "{69418F95-2F1D-4D01-90AB-4291C0DF2FA8}"
EndProject
Project("{2150E333-8FDC-42A3-9474-1A3956D46DE8}") = "Controllers", "Controllers", "{36DFE900-BB76-4B97-8F4D-618189756B18}"
EndProject
Project("{9A19103F-16F7-4668-BE54-9A1E7A4F7556}") = "NorthWind.Sales.Controllers", "NorthWind.Sales.Controllers\NorthWind.Sales.Controllers.csproj", "{D9EF940F-2247-49BE-8033-0BCEFD78F0E5}"
EndProject
Project("{9A19103F-16F7-4668-BE54-9A1E7A4F7556}") = "NorthWind.Sales.IoC", "NorthWind.Sales.IoC\NorthWind.Sales.IoC.csproj", "{11CAEA03-1037-4133-8FC2-780153B09FD0}"
EndProject
Project("{2150E333-8FDC-42A3-9474-1A3956D46DE8}") = "UIs", "UIs", "{46F1AC94-67CB-4B52-9878-3EC78EF4A47C}"
EndProject
Project("{9A19103F-16F7-4668-BE54-9A1E7A4F7556}") = "NorthWind.Sales.API", "NorthWind.Sales.API\NorthWind.Sales.API.csproj", "{7AD15C3C-6264-4DF9-BACB-5BF5622789E2}"
EndProject
Project("{FAE04EC0-301F-11D3-BF4B-00C04F79EFBC}") = "NorthWind.Loggers", "NorthWind.Loggers\NorthWind.Loggers.csproj", "{C648B8E2-5118-4F2F-B93F-B6A9B9C1D25C}"
EndProject
Global
	GlobalSection(SolutionConfigurationPlatforms) = preSolution
		Debug|Any CPU = Debug|Any CPU
		Release|Any CPU = Release|Any CPU
	EndGlobalSection
	GlobalSection(ProjectConfigurationPlatforms) = postSolution
		{5FF64F98-F9C9-4B03-A143-DCA1686C9B40}.Debug|Any CPU.ActiveCfg = Debug|Any CPU
		{5FF64F98-F9C9-4B03-A143-DCA1686C9B40}.Debug|Any CPU.Build.0 = Debug|Any CPU
		{5FF64F98-F9C9-4B03-A143-DCA1686C9B40}.Release|Any CPU.ActiveCfg = Release|Any CPU
		{5FF64F98-F9C9-4B03-A143-DCA1686C9B40}.Release|Any CPU.Build.0 = Release|Any CPU
		{CAA9CDD0-7D99-49B2-9D2E-F0B960034A77}.Debug|Any CPU.ActiveCfg = Debug|Any CPU
		{CAA9CDD0-7D99-49B2-9D2E-F0B960034A77}.Debug|Any CPU.Build.0 = Debug|Any CPU
		{CAA9CDD0-7D99-49B2-9D2E-F0B960034A77}.Release|Any CPU.ActiveCfg = Release|Any CPU
		{CAA9CDD0-7D99-49B2-9D2E-F0B960034A77}.Release|Any CPU.Build.0 = Release|Any CPU
		{7CA14F8C-8754-4634-A33C-9637B71EF96D}.Debug|Any CPU.ActiveCfg = Debug|Any CPU
		{7CA14F8C-8754-4634-A33C-9637B71EF96D}.Debug|Any CPU.Build.0 = Debug|Any CPU
		{7CA14F8C-8754-4634-A33C-9637B71EF96D}.Release|Any CPU.ActiveCfg = Release|Any CPU
		{7CA14F8C-8754-4634-A33C-9637B71EF96D}.Release|Any CPU.Build.0 = Release|Any CPU
		{1D0C4CAC-F543-4E5C-A8D8-D30EB9454567}.Debug|Any CPU.ActiveCfg = Debug|Any CPU
		{1D0C4CAC-F543-4E5C-A8D8-D30EB9454567}.Debug|Any CPU.Build.0 = Debug|Any CPU
		{1D0C4CAC-F543-4E5C-A8D8-D30EB9454567}.Release|Any CPU.ActiveCfg = Release|Any CPU
		{1D0C4CAC-F543-4E5C-A8D8-D30EB9454567}.Release|Any CPU.Build.0 = Release|Any CPU
		{69418F95-2F1D-4D01-90AB-4291C0DF2FA8}.Debug|Any CPU.ActiveCfg = Debug|Any CPU
		{69418F95-2F1D-4D01-90AB-4291C0DF2FA8}.Debug|Any CPU.Build.0 = Debug|Any CPU
		{69418F95-2F1D-4D01-90AB-4291C0DF2FA8}.Release|Any CPU.ActiveCfg = Release|Any CPU
		{69418F95-2F1D-4D01-90AB-4291C0DF2FA8}.Release|Any CPU.Build.0 = Release|Any CPU
		{D9EF940F-2247-49BE-8033-0BCEFD78F0E5}.Debug|Any CPU.ActiveCfg = Debug|Any CPU
		{D9EF940F-2247-49BE-8033-0BCEFD78F0E5}.Debug|Any CPU.Build.0 = Debug|Any CPU
		{D9EF940F-2247-49BE-8033-0BCEFD78F0E5}.Release|Any CPU.ActiveCfg = Release|Any CPU
		{D9EF940F-2247-49BE-8033-0BCEFD78F0E5}.Release|Any CPU.Build.0 = Release|Any CPU
		{11CAEA03-1037-4133-8FC2-780153B09FD0}.Debug|Any CPU.ActiveCfg = Debug|Any CPU
		{11CAEA03-1037-4133-8FC2-780153B09FD0}.Debug|Any CPU.Build.0 = Debug|Any CPU
		{11CAEA03-1037-4133-8FC2-780153B09FD0}.Release|Any CPU.ActiveCfg = Release|Any CPU
		{11CAEA03-1037-4133-8FC2-780153B09FD0}.Release|Any CPU.Build.0 = Release|Any CPU
		{7AD15C3C-6264-4DF9-BACB-5BF5622789E2}.Debug|Any CPU.ActiveCfg = Debug|Any CPU
		{7AD15C3C-6264-4DF9-BACB-5BF5622789E2}.Debug|Any CPU.Build.0 = Debug|Any CPU
		{7AD15C3C-6264-4DF9-BACB-5BF5622789E2}.Release|Any CPU.ActiveCfg = Release|Any CPU
		{7AD15C3C-6264-4DF9-BACB-5BF5622789E2}.Release|Any CPU.Build.0 = Release|Any CPU
		{C648B8E2-5118-4F2F-B93F-B6A9B9C1D25C}.Debug|Any CPU.ActiveCfg = Debug|Any CPU
		{C648B8E2-5118-4F2F-B93F-B6A9B9C1D25C}.Debug|Any CPU.Build.0 = Debug|Any CPU
		{C648B8E2-5118-4F2F-B93F-B6A9B9C1D25C}.Release|Any CPU.ActiveCfg = Release|Any CPU
		{C648B8E2-5118-4F2F-B93F-B6A9B9C1D25C}.Release|Any CPU.Build.0 = Release|Any CPU
	EndGlobalSection
	GlobalSection(SolutionProperties) = preSolution
		HideSolutionNode = FALSE
	EndGlobalSection
	GlobalSection(NestedProjects) = preSolution
		{5FF64F98-F9C9-4B03-A143-DCA1686C9B40} = {7C8E64D7-97CC-41F7-B35A-C3AB1ED62625}
		{CAA9CDD0-7D99-49B2-9D2E-F0B960034A77} = {1D5F5C1B-03A2-4340-BE6E-41B726282D47}
		{7CA14F8C-8754-4634-A33C-9637B71EF96D} = {1D5F5C1B-03A2-4340-BE6E-41B726282D47}
		{FA0E859E-759C-4DCE-828E-B9EFBA35FA1D} = {D64536C9-EC45-4851-A39E-70BE5D28CBE3}
		{078F4C4F-6FDA-469F-A701-7CD9B50F278C} = {FA0E859E-759C-4DCE-828E-B9EFBA35FA1D}
		{1D0C4CAC-F543-4E5C-A8D8-D30EB9454567} = {078F4C4F-6FDA-469F-A701-7CD9B50F278C}
		{021A3002-515D-41CD-AEB3-483CDF601518} = {D64536C9-EC45-4851-A39E-70BE5D28CBE3}
		{69418F95-2F1D-4D01-90AB-4291C0DF2FA8} = {021A3002-515D-41CD-AEB3-483CDF601518}
		{36DFE900-BB76-4B97-8F4D-618189756B18} = {D64536C9-EC45-4851-A39E-70BE5D28CBE3}
		{D9EF940F-2247-49BE-8033-0BCEFD78F0E5} = {36DFE900-BB76-4B97-8F4D-618189756B18}
		{11CAEA03-1037-4133-8FC2-780153B09FD0} = {D64536C9-EC45-4851-A39E-70BE5D28CBE3}
		{46F1AC94-67CB-4B52-9878-3EC78EF4A47C} = {0A96C06B-77EC-4239-AEE3-8211E8F16C5D}
		{7AD15C3C-6264-4DF9-BACB-5BF5622789E2} = {46F1AC94-67CB-4B52-9878-3EC78EF4A47C}
		{C648B8E2-5118-4F2F-B93F-B6A9B9C1D25C} = {FA0E859E-759C-4DCE-828E-B9EFBA35FA1D}
	EndGlobalSection
	GlobalSection(ExtensibilityGlobals) = postSolution
		SolutionGuid = {90ACBE69-4268-4CFA-A92C-1299F44B1A8E}
	EndGlobalSection
EndGlobal
